
Microsoft Visual Studio Solution File, Format Version 12.00
# Visual Studio Version 17
VisualStudioVersion = 17.4.33213.308
MinimumVisualStudioVersion = 10.0.40219.1
Project("{FAE04EC0-301F-11D3-BF4B-00C04F79EFBC}") = "lab_4-2_OOP", "lab_4-2_OOP\lab_4-2_OOP.csproj", "{622584F2-8761-4169-ADEE-BBB2AB3A3C55}"
EndProject
Global
	GlobalSection(SolutionConfigurationPlatforms) = preSolution
		Debug|Any CPU = Debug|Any CPU
		Release|Any CPU = Release|Any CPU
	EndGlobalSection
	GlobalSection(ProjectConfigurationPlatforms) = postSolution
		{622584F2-8761-4169-ADEE-BBB2AB3A3C55}.Debug|Any CPU.ActiveCfg = Debug|Any CPU
		{622584F2-8761-4169-ADEE-BBB2AB3A3C55}.Debug|Any CPU.Build.0 = Debug|Any CPU
		{622584F2-8761-4169-ADEE-BBB2AB3A3C55}.Release|Any CPU.ActiveCfg = Release|Any CPU
		{622584F2-8761-4169-ADEE-BBB2AB3A3C55}.Release|Any CPU.Build.0 = Release|Any CPU
	EndGlobalSection
	GlobalSection(SolutionProperties) = preSolution
		HideSolutionNode = FALSE
	EndGlobalSection
	GlobalSection(ExtensibilityGlobals) = postSolution
		SolutionGuid = {2A7C6E4F-7B63-4A67-8817-EB1012DD1BDA}
	EndGlobalSection
EndGlobal
